
Microsoft Visual Studio Solution File, Format Version 12.00
# Visual Studio Version 17
VisualStudioVersion = 17.0.31815.197
MinimumVisualStudioVersion = 10.0.40219.1
Project("{FAE04EC0-301F-11D3-BF4B-00C04F79EFBC}") = "Demo.Akka", "Demo.Akka\Demo.Akka.csproj", "{096339DC-25FC-43A4-832C-C2BB9B951D46}"
EndProject
Global
	GlobalSection(SolutionConfigurationPlatforms) = preSolution
		Debug|Any CPU = Debug|Any CPU
		Release|Any CPU = Release|Any CPU
	EndGlobalSection
	GlobalSection(ProjectConfigurationPlatforms) = postSolution
		{096339DC-25FC-43A4-832C-C2BB9B951D46}.Debug|Any CPU.ActiveCfg = Debug|Any CPU
		{096339DC-25FC-43A4-832C-C2BB9B951D46}.Debug|Any CPU.Build.0 = Debug|Any CPU
		{096339DC-25FC-43A4-832C-C2BB9B951D46}.Release|Any CPU.ActiveCfg = Release|Any CPU
		{096339DC-25FC-43A4-832C-C2BB9B951D46}.Release|Any CPU.Build.0 = Release|Any CPU
	EndGlobalSection
	GlobalSection(SolutionProperties) = preSolution
		HideSolutionNode = FALSE
	EndGlobalSection
	GlobalSection(ExtensibilityGlobals) = postSolution
		SolutionGuid = {E4DE6BA7-8C6C-4DC3-9618-7A3FF4501FA2}
	EndGlobalSection
EndGlobal
